<?xml version="1.0" encoding="utf-8"?>
<Project ToolsVersion="4.0" xmlns="http://schemas.microsoft.com/developer/msbuild/2003">
  <ItemGroup>
    <Filter Include="00.System">
      <UniqueIdentifier>{492cfa9b-36c2-4378-8dc5-34ef5e2357e5}</UniqueIdentifier>
    </Filter>
    <Filter Include="01.Utility">
      <UniqueIdentifier>{da1950b8-706b-4f82-9aa0-d20ebc3938d3}</UniqueIdentifier>
    </Filter>
    <Filter Include="98.SuperClass">
      <UniqueIdentifier>{0d38d112-f7f7-4844-b4ef-37d95b4950e3}</UniqueIdentifier>
    </Filter>
    <Filter Include="99.Defines">
      <UniqueIdentifier>{91d03e0e-21a4-4742-92da-447d9acc9a3f}</UniqueIdentifier>
    </Filter>
    <Filter Include="00.System\00.Device">
      <UniqueIdentifier>{046fdb94-d6b1-4ea3-b9a9-f04c4d48f506}</UniqueIdentifier>
    </Filter>
    <Filter Include="00.System\00.Device\Graphic">
      <UniqueIdentifier>{4246dea1-34dd-411d-8b07-9af48aa3baed}</UniqueIdentifier>
    </Filter>
    <Filter Include="01.Utility\00.GameInstance">
      <UniqueIdentifier>{cc985cdc-3dcd-49b3-88b0-167ce64bd35e}</UniqueIdentifier>
    </Filter>
    <Filter Include="01.Utility\01.Level">
      <UniqueIdentifier>{97815304-148a-40e2-ac6d-904232844081}</UniqueIdentifier>
    </Filter>
    <Filter Include="01.Utility\01.Level\Manager">
      <UniqueIdentifier>{cee517c0-9954-4a67-b86a-4ad48d44c093}</UniqueIdentifier>
    </Filter>
    <Filter Include="01.Utility\02.ProtoType">
      <UniqueIdentifier>{3ed38813-f3e5-4ce5-a24f-2b08e3d4e63e}</UniqueIdentifier>
    </Filter>
    <Filter Include="01.Utility\02.ProtoType\Manager">
      <UniqueIdentifier>{d6df0047-4cd1-4caa-9148-ae85ac0d9752}</UniqueIdentifier>
    </Filter>
    <Filter Include="01.Utility\03.GameObject">
      <UniqueIdentifier>{6d94dfe1-0c53-4f60-8136-ecefb7aa8d7c}</UniqueIdentifier>
    </Filter>
    <Filter Include="01.Utility\03.GameObject\Manager">
      <UniqueIdentifier>{095f81e4-f57e-4947-8e43-02dcea96c89f}</UniqueIdentifier>
    </Filter>
    <Filter Include="01.Utility\03.GameObject\Manager\Layers">
      <UniqueIdentifier>{c902d47d-04e3-4c42-af56-677139b86b58}</UniqueIdentifier>
    </Filter>
    <Filter Include="01.Utility\04.Renderer">
      <UniqueIdentifier>{89643ba6-dc64-4298-8b75-5bfd3c904090}</UniqueIdentifier>
    </Filter>
    <Filter Include="01.Utility\05.Component">
      <UniqueIdentifier>{0427ff7f-3aa1-4ec4-beef-93df5c484375}</UniqueIdentifier>
    </Filter>
    <Filter Include="01.Utility\05.Component\VIBuffer">
      <UniqueIdentifier>{32a2465f-0a70-42eb-8326-32cfea8d0890}</UniqueIdentifier>
    </Filter>
    <Filter Include="01.Utility\05.Component\VIBuffer\Rect">
      <UniqueIdentifier>{3664ad62-2d12-4072-b500-e66420d44d8a}</UniqueIdentifier>
    </Filter>
    <Filter Include="01.Utility\05.Component\Transform">
      <UniqueIdentifier>{af36f4bb-64e6-41b4-97c8-0bd10ebb577b}</UniqueIdentifier>
    </Filter>
    <Filter Include="01.Utility\05.Component\Texture">
      <UniqueIdentifier>{67ddf733-9583-4ca4-9f7d-3df89d482eda}</UniqueIdentifier>
    </Filter>
    <Filter Include="01.Utility\05.Component\VIBuffer\Terrain">
      <UniqueIdentifier>{59b1d819-a774-4c65-90d5-1e8b9b1c7b23}</UniqueIdentifier>
    </Filter>
    <Filter Include="01.Utility\03.GameObject\UIObject">
      <UniqueIdentifier>{4ada615d-319b-4989-88c0-f3c3644ea09f}</UniqueIdentifier>
    </Filter>
    <Filter Include="01.Utility\03.GameObject\Camera">
      <UniqueIdentifier>{9c169db9-5870-47f0-8fee-c6625f9ab3a8}</UniqueIdentifier>
    </Filter>
    <Filter Include="00.System\01.Timer">
      <UniqueIdentifier>{b0b81d98-17bb-4648-abd3-3fd17a22e008}</UniqueIdentifier>
    </Filter>
    <Filter Include="00.System\01.Timer\Manager">
      <UniqueIdentifier>{9f519adf-b883-498a-b7e9-a6c830713eb3}</UniqueIdentifier>
    </Filter>
    <Filter Include="00.System\02.Key">
      <UniqueIdentifier>{58df4144-55b8-4b8c-ab03-c7518be29efa}</UniqueIdentifier>
    </Filter>
    <Filter Include="00.System\02.Key\Manager">
      <UniqueIdentifier>{3643265f-1d1c-40b0-a857-d70ddc84c8eb}</UniqueIdentifier>
    </Filter>
    <Filter Include="00.System\03.Network">
      <UniqueIdentifier>{58475113-22c7-4e01-b0db-2729a045f8ac}</UniqueIdentifier>
    </Filter>
    <Filter Include="00.System\03.Network\Manager">
      <UniqueIdentifier>{76865f20-b6db-4748-9f45-51ad639b57a4}</UniqueIdentifier>
    </Filter>
    <Filter Include="01.Utility\05.Component\VIBuffer\Cube">
      <UniqueIdentifier>{e5c94c5b-5013-4fa6-9902-04c726ded688}</UniqueIdentifier>
    </Filter>
    <Filter Include="00.System\04. Picking">
      <UniqueIdentifier>{92a20fb2-180d-463d-a582-ff541a739911}</UniqueIdentifier>
    </Filter>
    <Filter Include="01.Utility\05.Component\Stats">
      <UniqueIdentifier>{bb5f73cc-f4b1-4178-8877-b0be0b1f347e}</UniqueIdentifier>
    </Filter>
    <Filter Include="01.Utility\05.Component\Stats\PlayerStats">
      <UniqueIdentifier>{0c9d0bb9-1128-40af-ab7d-de2704539757}</UniqueIdentifier>
    </Filter>
    <Filter Include="01.Utility\05.Component\Stats\MobStats">
      <UniqueIdentifier>{c86f13f8-f4d7-414c-b5ba-c6261a697172}</UniqueIdentifier>
    </Filter>
    <Filter Include="01.Utility\05.Component\ProgressBar">
      <UniqueIdentifier>{0a96bda3-cea2-4ce5-8fff-1281d603e2e8}</UniqueIdentifier>
    </Filter>
  </ItemGroup>
  <ItemGroup>
    <ClInclude Include="..\Public\Engine_Macro.h">
      <Filter>99.Defines</Filter>
    </ClInclude>
    <ClInclude Include="..\Public\Engine_Struct.h">
      <Filter>99.Defines</Filter>
    </ClInclude>
    <ClInclude Include="..\Public\Engine_Typedef.h">
      <Filter>99.Defines</Filter>
    </ClInclude>
    <ClInclude Include="..\Public\Engine_Defines.h">
      <Filter>99.Defines</Filter>
    </ClInclude>
    <ClInclude Include="..\Public\Engine_Enum.h">
      <Filter>99.Defines</Filter>
    </ClInclude>
    <ClInclude Include="..\Public\Engine_Function.h">
      <Filter>99.Defines</Filter>
    </ClInclude>
    <ClInclude Include="..\Public\Base.h">
      <Filter>98.SuperClass</Filter>
    </ClInclude>
    <ClInclude Include="..\Public\Graphic_Device.h">
      <Filter>00.System\00.Device\Graphic</Filter>
    </ClInclude>
    <ClInclude Include="..\Public\Level_Manager.h">
      <Filter>01.Utility\01.Level\Manager</Filter>
    </ClInclude>
    <ClInclude Include="..\Public\Level.h">
      <Filter>01.Utility\01.Level</Filter>
    </ClInclude>
    <ClInclude Include="..\Public\Prototype_Manager.h">
      <Filter>01.Utility\02.ProtoType\Manager</Filter>
    </ClInclude>
    <ClInclude Include="..\Public\GameObject.h">
      <Filter>01.Utility\03.GameObject</Filter>
    </ClInclude>
    <ClInclude Include="..\Public\Object_Manager.h">
      <Filter>01.Utility\03.GameObject\Manager</Filter>
    </ClInclude>
    <ClInclude Include="..\Public\Layer.h">
      <Filter>01.Utility\03.GameObject\Manager\Layers</Filter>
    </ClInclude>
    <ClInclude Include="..\Public\Renderer.h">
      <Filter>01.Utility\04.Renderer</Filter>
    </ClInclude>
    <ClInclude Include="..\Public\Component.h">
      <Filter>01.Utility\05.Component</Filter>
    </ClInclude>
    <ClInclude Include="..\Public\VIBuffer.h">
      <Filter>01.Utility\05.Component\VIBuffer</Filter>
    </ClInclude>
    <ClInclude Include="..\Public\VIBuffer_Rect.h">
      <Filter>01.Utility\05.Component\VIBuffer\Rect</Filter>
    </ClInclude>
    <ClInclude Include="..\Public\Transform.h">
      <Filter>01.Utility\05.Component\Transform</Filter>
    </ClInclude>
    <ClInclude Include="..\Public\Timer_Manager.h">
      <Filter>00.System\01.Timer\Manager</Filter>
    </ClInclude>
    <ClInclude Include="..\Public\Timer.h">
      <Filter>00.System\01.Timer</Filter>
    </ClInclude>
    <ClInclude Include="..\public\VIBuffer_Terrain.h">
      <Filter>01.Utility\05.Component\VIBuffer\Terrain</Filter>
    </ClInclude>
    <ClInclude Include="..\public\Texture.h">
      <Filter>01.Utility\05.Component\Texture</Filter>
    </ClInclude>
    <ClInclude Include="..\Public\UIObject.h">
      <Filter>01.Utility\03.GameObject\UIObject</Filter>
    </ClInclude>
    <ClInclude Include="..\Public\Key_Manager.h">
      <Filter>00.System\02.Key\Manager</Filter>
    </ClInclude>
    <ClInclude Include="..\Public\Camera.h">
      <Filter>01.Utility\03.GameObject\Camera</Filter>
    </ClInclude>
    <ClInclude Include="..\Public\Network_Manager.h">
      <Filter>00.System\03.Network\Manager</Filter>
    </ClInclude>
    <ClInclude Include="..\Public\GameInstance.h">
      <Filter>01.Utility\00.GameInstance</Filter>
    </ClInclude>
    <ClInclude Include="..\Public\VIBuffer_Cube.h">
      <Filter>01.Utility\05.Component\VIBuffer\Cube</Filter>
    </ClInclude>
    <ClInclude Include="..\public\Picking.h">
      <Filter>00.System\04. Picking</Filter>
    </ClInclude>
    <ClInclude Include="..\public\PlayerStats.h">
      <Filter>01.Utility\05.Component\Stats\PlayerStats</Filter>
    </ClInclude>
    <ClInclude Include="..\public\ProgressBar.h">
      <Filter>01.Utility\05.Component\ProgressBar</Filter>
    </ClInclude>
  </ItemGroup>
  <ItemGroup>
    <ClCompile Include="..\Private\Base.cpp">
      <Filter>98.SuperClass</Filter>
    </ClCompile>
    <ClCompile Include="..\Private\Graphic_Device.cpp">
      <Filter>00.System\00.Device\Graphic</Filter>
    </ClCompile>
    <ClCompile Include="..\Private\GameInstance.cpp">
      <Filter>01.Utility\00.GameInstance</Filter>
    </ClCompile>
    <ClCompile Include="..\Private\Level_Manager.cpp">
      <Filter>01.Utility\01.Level\Manager</Filter>
    </ClCompile>
    <ClCompile Include="..\Private\Level.cpp">
      <Filter>01.Utility\01.Level</Filter>
    </ClCompile>
    <ClCompile Include="..\Private\Prototype_Manager.cpp">
      <Filter>01.Utility\02.ProtoType\Manager</Filter>
    </ClCompile>
    <ClCompile Include="..\Private\GameObject.cpp">
      <Filter>01.Utility\03.GameObject</Filter>
    </ClCompile>
    <ClCompile Include="..\Private\Object_Manager.cpp">
      <Filter>01.Utility\03.GameObject\Manager</Filter>
    </ClCompile>
    <ClCompile Include="..\Private\Layer.cpp">
      <Filter>01.Utility\03.GameObject\Manager\Layers</Filter>
    </ClCompile>
    <ClCompile Include="..\Private\Renderer.cpp">
      <Filter>01.Utility\04.Renderer</Filter>
    </ClCompile>
    <ClCompile Include="..\Private\Component.cpp">
      <Filter>01.Utility\05.Component</Filter>
    </ClCompile>
    <ClCompile Include="..\Private\VIBuffer.cpp">
      <Filter>01.Utility\05.Component\VIBuffer</Filter>
    </ClCompile>
    <ClCompile Include="..\Private\VIBuffer_Rect.cpp">
      <Filter>01.Utility\05.Component\VIBuffer\Rect</Filter>
    </ClCompile>
    <ClCompile Include="..\Private\Transform.cpp">
      <Filter>01.Utility\05.Component\Transform</Filter>
    </ClCompile>
    <ClCompile Include="..\Private\Timer.cpp">
      <Filter>00.System\01.Timer</Filter>
    </ClCompile>
    <ClCompile Include="..\Private\Timer_Manager.cpp">
      <Filter>00.System\01.Timer\Manager</Filter>
    </ClCompile>
    <ClCompile Include="..\private\VIBuffer_Terrain.cpp">
      <Filter>01.Utility\05.Component\VIBuffer\Terrain</Filter>
    </ClCompile>
    <ClCompile Include="..\private\Texture.cpp">
      <Filter>01.Utility\05.Component\Texture</Filter>
    </ClCompile>
    <ClCompile Include="..\Private\UIObject.cpp">
      <Filter>01.Utility\03.GameObject\UIObject</Filter>
    </ClCompile>
    <ClCompile Include="..\Private\Key_Manager.cpp">
      <Filter>00.System\02.Key\Manager</Filter>
    </ClCompile>
    <ClCompile Include="..\Private\Camera.cpp">
      <Filter>01.Utility\03.GameObject\Camera</Filter>
    </ClCompile>
    <ClCompile Include="..\Private\Network_Manager.cpp">
      <Filter>00.System\03.Network\Manager</Filter>
    </ClCompile>
    <ClCompile Include="..\Private\VIBuffer_Cube.cpp">
      <Filter>01.Utility\05.Component\VIBuffer\Cube</Filter>
    </ClCompile>
    <ClCompile Include="..\private\Picking.cpp">
      <Filter>00.System\04. Picking</Filter>
    </ClCompile>
    <ClCompile Include="..\private\PlayerStats.cpp">
      <Filter>01.Utility\05.Component\Stats\PlayerStats</Filter>
    </ClCompile>
    <ClCompile Include="..\private\ProgressBar.cpp">
      <Filter>01.Utility\05.Component\ProgressBar</Filter>
    </ClCompile>
  </ItemGroup>
</Project>