<?xml version="1.0" encoding="utf-8"?>
<Project ToolsVersion="4.0" xmlns="http://schemas.microsoft.com/developer/msbuild/2003">
  <ItemGroup>
    <Filter Include="98.Default">
      <UniqueIdentifier>{a1c507ab-9c9f-4741-910a-671c26ada697}</UniqueIdentifier>
    </Filter>
    <Filter Include="99.Defines">
      <UniqueIdentifier>{0b9f6ede-74ab-4dc8-813b-32276d487d12}</UniqueIdentifier>
    </Filter>
    <Filter Include="00.MainApp">
      <UniqueIdentifier>{d8dd1642-566a-436d-95e6-46c61ef13602}</UniqueIdentifier>
    </Filter>
    <Filter Include="01.Levels">
      <UniqueIdentifier>{efa0c3df-6c87-487b-bd13-eb12c4b9d2fc}</UniqueIdentifier>
    </Filter>
    <Filter Include="01.Levels\00.Loading">
      <UniqueIdentifier>{058038e9-ab62-49cd-bd3e-012e4ab31889}</UniqueIdentifier>
    </Filter>
    <Filter Include="01.Levels\00.Loading\Loader">
      <UniqueIdentifier>{eb78fa65-0f60-4ecc-964b-04b47e182655}</UniqueIdentifier>
    </Filter>
    <Filter Include="01.Levels\01.Logo">
      <UniqueIdentifier>{de282568-7c3a-4b47-aafb-7562c87502a8}</UniqueIdentifier>
    </Filter>
    <Filter Include="01.Levels\02.GamePlay">
      <UniqueIdentifier>{7b5c17bd-eff1-43d7-aee5-93d48946b2bf}</UniqueIdentifier>
    </Filter>
    <Filter Include="02.GameObject">
      <UniqueIdentifier>{f01476d4-271b-4e61-8d77-9cc8d67a8203}</UniqueIdentifier>
    </Filter>
    <Filter Include="02.GameObject\BackGround">
      <UniqueIdentifier>{29480bce-b59a-4e1b-818d-346fa14d7fa3}</UniqueIdentifier>
    </Filter>
    <Filter Include="02.GameObject\Terrain">
      <UniqueIdentifier>{3c257490-e800-4f15-8c08-abb490fecf7b}</UniqueIdentifier>
    </Filter>
    <Filter Include="02.GameObject\Camera">
      <UniqueIdentifier>{6397a250-9b6c-449d-9c7b-9c6cbe58c6e8}</UniqueIdentifier>
    </Filter>
    <Filter Include="02.GameObject\Player">
      <UniqueIdentifier>{7b3755f4-11df-4fbd-b232-d5ea9b542212}</UniqueIdentifier>
    </Filter>
    <Filter Include="02.GameObject\Camera\Free">
      <UniqueIdentifier>{926017ed-9374-426d-9e84-e28f0b80f595}</UniqueIdentifier>
    </Filter>
    <Filter Include="02.GameObject\Camera\Mouse">
      <UniqueIdentifier>{de3fdc61-642d-4078-bb8c-92c770f4bb49}</UniqueIdentifier>
    </Filter>
    <Filter Include="02.GameObject\Camera\Follow">
      <UniqueIdentifier>{b9e32268-3279-4950-bbbf-5d1f1716ecd8}</UniqueIdentifier>
    </Filter>
    <Filter Include="02.GameObject\UI">
      <UniqueIdentifier>{e6d7c12a-d7d8-4fe3-af69-87edc5b0144e}</UniqueIdentifier>
    </Filter>
    <Filter Include="02.GameObject\UI\HUD_Status">
      <UniqueIdentifier>{f8d004cb-9406-40ee-ba0a-6af95eef93e0}</UniqueIdentifier>
    </Filter>
    <Filter Include="02.GameObject\UI\HUD_Status\HP_Player">
      <UniqueIdentifier>{9112940e-6718-4fa9-9729-3b1171dcb3cb}</UniqueIdentifier>
    </Filter>
    <Filter Include="02.GameObject\UI\HUD_Status\MP_Player">
      <UniqueIdentifier>{59dac64d-ad42-4536-88e4-edd48c842b50}</UniqueIdentifier>
    </Filter>
    <Filter Include="02.GameObject\UI\HUD_Exp">
      <UniqueIdentifier>{06e7049c-b27a-4a80-bf6d-783607adaf26}</UniqueIdentifier>
    </Filter>
    <Filter Include="02.GameObject\UI\HUD_Exp\EXP_Player">
      <UniqueIdentifier>{5618c356-0846-4511-8f04-59577436dfcb}</UniqueIdentifier>
    </Filter>
    <Filter Include="02.GameObject\UI\HUD_Exp\Exp_checkout">
      <UniqueIdentifier>{2647e452-a999-4f97-9ed2-472179b60b0e}</UniqueIdentifier>
    </Filter>
    <Filter Include="02.GameObject\UI\HUD_Wallet">
      <UniqueIdentifier>{eb695198-ac79-49a6-b44e-407c35f67974}</UniqueIdentifier>
    </Filter>
    <Filter Include="02.GameObject\UI\HUD_Wallet\Money_Player">
      <UniqueIdentifier>{db043b6f-82cc-4074-89e6-da775f9adaf2}</UniqueIdentifier>
    </Filter>
    <Filter Include="02.GameObject\UI\HUD_Wallet\Dice_Player">
      <UniqueIdentifier>{95f68e6e-e4c9-4966-8acd-4de8824205bc}</UniqueIdentifier>
    </Filter>
    <Filter Include="02.GameObject\UI\HUD_Button">
      <UniqueIdentifier>{59582917-865b-44e4-93f1-588b47f735b7}</UniqueIdentifier>
    </Filter>
    <Filter Include="02.GameObject\UI\HUD_Button\Inven_Button">
      <UniqueIdentifier>{d0c7fba1-3c52-4988-8b85-ef2dedc7c1a6}</UniqueIdentifier>
    </Filter>
    <Filter Include="02.GameObject\UI\HUD_Button\Stats_Button">
      <UniqueIdentifier>{60221299-c03b-480c-a14c-ed776db0d964}</UniqueIdentifier>
    </Filter>
    <Filter Include="02.GameObject\UI\HUD_Button\Mirror_Button">
      <UniqueIdentifier>{6bff572e-518a-45b6-b70c-d61c4683d26a}</UniqueIdentifier>
    </Filter>
    <Filter Include="02.GameObject\UI\UI_KeyGuide">
      <UniqueIdentifier>{0d678967-3801-4d44-85e0-a25912f0ae23}</UniqueIdentifier>
    </Filter>
    <Filter Include="02.GameObject\UI\Inventory">
      <UniqueIdentifier>{e5338878-65f3-47f8-bbaa-77837fbf92a1}</UniqueIdentifier>
    </Filter>
    <Filter Include="02.GameObject\UI\HUD_Dash">
      <UniqueIdentifier>{41a7f2d1-c635-4d23-b3b7-f6be68c8e4ea}</UniqueIdentifier>
    </Filter>
    <Filter Include="02.GameObject\UI\HUD_Dash\Dash_Gauge_Fream">
      <UniqueIdentifier>{bb53edc7-6ae9-473f-8429-d635a7eed492}</UniqueIdentifier>
    </Filter>
    <Filter Include="02.GameObject\UI\HUD_Dash\Dash_Gauge_Fream\Dash_Gauge">
      <UniqueIdentifier>{1a62ac84-0e96-45f6-a4e5-3f1c3aa35153}</UniqueIdentifier>
    </Filter>
  </ItemGroup>
  <ItemGroup>
    <ClInclude Include="Client.h">
      <Filter>98.Default</Filter>
    </ClInclude>
    <ClInclude Include="framework.h">
      <Filter>98.Default</Filter>
    </ClInclude>
    <ClInclude Include="Resource.h">
      <Filter>98.Default</Filter>
    </ClInclude>
    <ClInclude Include="targetver.h">
      <Filter>98.Default</Filter>
    </ClInclude>
    <ClInclude Include="..\Public\MainApp.h">
      <Filter>00.MainApp</Filter>
    </ClInclude>
    <ClInclude Include="..\Public\Client_Defines.h">
      <Filter>99.Defines</Filter>
    </ClInclude>
    <ClInclude Include="..\Public\Loader.h">
      <Filter>01.Levels\00.Loading\Loader</Filter>
    </ClInclude>
    <ClInclude Include="..\Public\Level_Loading.h">
      <Filter>01.Levels\00.Loading</Filter>
    </ClInclude>
    <ClInclude Include="..\Public\Level_Logo.h">
      <Filter>01.Levels\01.Logo</Filter>
    </ClInclude>
    <ClInclude Include="..\Public\BackGround.h">
      <Filter>02.GameObject\BackGround</Filter>
    </ClInclude>
    <ClInclude Include="..\Public\Level_GamePlay.h">
      <Filter>01.Levels\02.GamePlay</Filter>
    </ClInclude>
    <ClInclude Include="..\public\Terrain.h">
      <Filter>02.GameObject\Terrain</Filter>
    </ClInclude>
    <ClInclude Include="..\Public\Player.h">
      <Filter>02.GameObject\Player</Filter>
    </ClInclude>
    <ClInclude Include="..\public\Camera_Free.h">
      <Filter>02.GameObject\Camera\Free</Filter>
    </ClInclude>
    <ClInclude Include="..\Public\Camera_Mouse.h">
      <Filter>02.GameObject\Camera\Mouse</Filter>
    </ClInclude>
    <ClInclude Include="..\Public\Camera_Follow.h">
      <Filter>02.GameObject\Camera\Follow</Filter>
    </ClInclude>
    <ClInclude Include="..\Public\Mp_Player.h">
      <Filter>02.GameObject\UI\HUD_Status\MP_Player</Filter>
    </ClInclude>
    <ClInclude Include="..\Public\Hp_Player.h">
      <Filter>02.GameObject\UI\HUD_Status\HP_Player</Filter>
    </ClInclude>
    <ClInclude Include="..\Public\Hud_States_Frame.h">
      <Filter>02.GameObject\UI\HUD_Status</Filter>
    </ClInclude>
    <ClInclude Include="..\public\Hud_Exp_Frame.h">
      <Filter>02.GameObject\UI\HUD_Exp</Filter>
    </ClInclude>
    <ClInclude Include="..\public\Hud_Exp.h">
      <Filter>02.GameObject\UI\HUD_Exp\EXP_Player</Filter>
    </ClInclude>
    <ClInclude Include="..\public\Hud_Exp_Checkout.h">
      <Filter>02.GameObject\UI\HUD_Exp\Exp_checkout</Filter>
    </ClInclude>
    <ClInclude Include="..\public\Money_Player.h">
      <Filter>02.GameObject\UI\HUD_Wallet\Money_Player</Filter>
    </ClInclude>
    <ClInclude Include="..\public\Hud_Wallet.h">
      <Filter>02.GameObject\UI\HUD_Wallet</Filter>
    </ClInclude>
    <ClInclude Include="..\public\Dice_Player.h">
      <Filter>02.GameObject\UI\HUD_Wallet\Dice_Player</Filter>
    </ClInclude>
    <ClInclude Include="..\public\Hud_Button.h">
      <Filter>02.GameObject\UI\HUD_Button</Filter>
    </ClInclude>
    <ClInclude Include="..\public\Inven_Button.h">
      <Filter>02.GameObject\UI\HUD_Button\Inven_Button</Filter>
    </ClInclude>
    <ClInclude Include="..\public\Stats_Button.h">
      <Filter>02.GameObject\UI\HUD_Button\Stats_Button</Filter>
    </ClInclude>
    <ClInclude Include="..\public\Mirror_Button.h">
      <Filter>02.GameObject\UI\HUD_Button\Mirror_Button</Filter>
    </ClInclude>
    <ClInclude Include="..\public\UI_KeyGuide.h">
      <Filter>02.GameObject\UI\UI_KeyGuide</Filter>
    </ClInclude>
    <ClInclude Include="..\public\Inventory.h">
      <Filter>02.GameObject\UI\Inventory</Filter>
    </ClInclude>
    <ClInclude Include="..\public\Hud_Dash.h">
      <Filter>02.GameObject\UI\HUD_Dash</Filter>
    </ClInclude>
    <ClInclude Include="..\public\Dash_Gauge.h">
      <Filter>02.GameObject\UI\HUD_Dash\Dash_Gauge_Fream\Dash_Gauge</Filter>
    </ClInclude>
    <ClInclude Include="..\public\Dash_Gauge_Fream.h">
      <Filter>02.GameObject\UI\HUD_Dash\Dash_Gauge_Fream</Filter>
    </ClInclude>
  </ItemGroup>
  <ItemGroup>
    <Image Include="Client.ico">
      <Filter>98.Default</Filter>
    </Image>
    <Image Include="small.ico">
      <Filter>98.Default</Filter>
    </Image>
  </ItemGroup>
  <ItemGroup>
    <ResourceCompile Include="Client.rc">
      <Filter>98.Default</Filter>
    </ResourceCompile>
  </ItemGroup>
  <ItemGroup>
    <ClCompile Include="Client.cpp">
      <Filter>98.Default</Filter>
    </ClCompile>
    <ClCompile Include="..\Private\MainApp.cpp">
      <Filter>00.MainApp</Filter>
    </ClCompile>
    <ClCompile Include="..\Private\Loader.cpp">
      <Filter>01.Levels\00.Loading\Loader</Filter>
    </ClCompile>
    <ClCompile Include="..\Private\Level_Loading.cpp">
      <Filter>01.Levels\00.Loading</Filter>
    </ClCompile>
    <ClCompile Include="..\Private\Level_Logo.cpp">
      <Filter>01.Levels\01.Logo</Filter>
    </ClCompile>
    <ClCompile Include="..\Private\BackGround.cpp">
      <Filter>02.GameObject\BackGround</Filter>
    </ClCompile>
    <ClCompile Include="..\Private\Level_GamePlay.cpp">
      <Filter>01.Levels\02.GamePlay</Filter>
    </ClCompile>
    <ClCompile Include="..\private\Terrain.cpp">
      <Filter>02.GameObject\Terrain</Filter>
    </ClCompile>
    <ClCompile Include="..\Private\Player.cpp">
      <Filter>02.GameObject\Player</Filter>
    </ClCompile>
    <ClCompile Include="..\private\Camera_Free.cpp">
      <Filter>02.GameObject\Camera\Free</Filter>
    </ClCompile>
    <ClCompile Include="..\Private\Camera_Mouse.cpp">
      <Filter>02.GameObject\Camera\Mouse</Filter>
    </ClCompile>
    <ClCompile Include="..\Private\Camera_Follow.cpp">
      <Filter>02.GameObject\Camera\Follow</Filter>
    </ClCompile>
    <ClCompile Include="..\Private\Mp_Player.cpp">
      <Filter>02.GameObject\UI\HUD_Status\MP_Player</Filter>
    </ClCompile>
    <ClCompile Include="..\Private\Hp_Player.cpp">
      <Filter>02.GameObject\UI\HUD_Status\HP_Player</Filter>
    </ClCompile>
    <ClCompile Include="..\Private\Hud_States_Frame.cpp">
      <Filter>02.GameObject\UI\HUD_Status</Filter>
    </ClCompile>
    <ClCompile Include="..\private\Hud_Exp_Frame.cpp">
      <Filter>02.GameObject\UI\HUD_Exp</Filter>
    </ClCompile>
    <ClCompile Include="..\private\Hud_Exp.cpp">
      <Filter>02.GameObject\UI\HUD_Exp\EXP_Player</Filter>
    </ClCompile>
    <ClCompile Include="..\private\Hud_Exp_Checkout.cpp">
      <Filter>02.GameObject\UI\HUD_Exp\Exp_checkout</Filter>
    </ClCompile>
    <ClCompile Include="..\private\Money_Player.cpp">
      <Filter>02.GameObject\UI\HUD_Wallet\Money_Player</Filter>
    </ClCompile>
    <ClCompile Include="..\private\Hud_Wallet.cpp">
      <Filter>02.GameObject\UI\HUD_Wallet</Filter>
    </ClCompile>
    <ClCompile Include="..\private\Dice_Player.cpp">
      <Filter>02.GameObject\UI\HUD_Wallet\Dice_Player</Filter>
    </ClCompile>
    <ClCompile Include="..\private\Hud_Button.cpp">
      <Filter>02.GameObject\UI\HUD_Button</Filter>
    </ClCompile>
    <ClCompile Include="..\private\Inven_Button.cpp">
      <Filter>02.GameObject\UI\HUD_Button\Inven_Button</Filter>
    </ClCompile>
    <ClCompile Include="..\private\Stats_Button.cpp">
      <Filter>02.GameObject\UI\HUD_Button\Stats_Button</Filter>
    </ClCompile>
    <ClCompile Include="..\private\Mirror_Button.cpp">
      <Filter>02.GameObject\UI\HUD_Button\Mirror_Button</Filter>
    </ClCompile>
    <ClCompile Include="..\private\UI_KeyGuide.cpp">
      <Filter>02.GameObject\UI\UI_KeyGuide</Filter>
    </ClCompile>
    <ClCompile Include="..\private\Inventory.cpp">
      <Filter>02.GameObject\UI\Inventory</Filter>
    </ClCompile>
    <ClCompile Include="..\private\Hud_Dash.cpp">
      <Filter>02.GameObject\UI\HUD_Dash</Filter>
    </ClCompile>
    <ClCompile Include="..\private\Dash_Gauge.cpp">
      <Filter>02.GameObject\UI\HUD_Dash\Dash_Gauge_Fream\Dash_Gauge</Filter>
    </ClCompile>
    <ClCompile Include="..\private\Dash_Gauge_Fream.cpp">
      <Filter>02.GameObject\UI\HUD_Dash\Dash_Gauge_Fream</Filter>
    </ClCompile>
  </ItemGroup>
</Project>